
Microsoft Visual Studio Solution File, Format Version 12.00
# Visual Studio Version 16
VisualStudioVersion = 16.0.31911.196
MinimumVisualStudioVersion = 10.0.40219.1
Project("{FAE04EC0-301F-11D3-BF4B-00C04F79EFBC}") = "examTaskVariant2", "examTaskVariant2\examTaskVariant2.csproj", "{DDB6EEC2-ACFE-4606-B354-3171DDB7C245}"
EndProject
Global
	GlobalSection(SolutionConfigurationPlatforms) = preSolution
		Debug|Any CPU = Debug|Any CPU
		Release|Any CPU = Release|Any CPU
	EndGlobalSection
	GlobalSection(ProjectConfigurationPlatforms) = postSolution
		{DDB6EEC2-ACFE-4606-B354-3171DDB7C245}.Debug|Any CPU.ActiveCfg = Debug|Any CPU
		{DDB6EEC2-ACFE-4606-B354-3171DDB7C245}.Debug|Any CPU.Build.0 = Debug|Any CPU
		{DDB6EEC2-ACFE-4606-B354-3171DDB7C245}.Release|Any CPU.ActiveCfg = Release|Any CPU
		{DDB6EEC2-ACFE-4606-B354-3171DDB7C245}.Release|Any CPU.Build.0 = Release|Any CPU
	EndGlobalSection
	GlobalSection(SolutionProperties) = preSolution
		HideSolutionNode = FALSE
	EndGlobalSection
	GlobalSection(ExtensibilityGlobals) = postSolution
		SolutionGuid = {32091223-F524-4BB0-B330-64FC8DD13DED}
	EndGlobalSection
EndGlobal
